
Microsoft Visual Studio Solution File, Format Version 12.00
# Visual Studio Version 16
VisualStudioVersion = 16.0.30523.141
MinimumVisualStudioVersion = 10.0.40219.1
Project("{9A19103F-16F7-4668-BE54-9A1E7A4F7556}") = "SportsStore", "SportsStore\SportsStore.csproj", "{91352462-8726-42E3-A97C-3CFD73B36578}"
EndProject
Project("{FAE04EC0-301F-11D3-BF4B-00C04F79EFBC}") = "SportsStore.Tests", "SportsStore.Tests\SportsStore.Tests.csproj", "{EABB25F8-6C19-4E83-B3C3-12E081863D0F}"
EndProject
Global
	GlobalSection(SolutionConfigurationPlatforms) = preSolution
		Debug|Any CPU = Debug|Any CPU
		Release|Any CPU = Release|Any CPU
	EndGlobalSection
	GlobalSection(ProjectConfigurationPlatforms) = postSolution
		{91352462-8726-42E3-A97C-3CFD73B36578}.Debug|Any CPU.ActiveCfg = Debug|Any CPU
		{91352462-8726-42E3-A97C-3CFD73B36578}.Debug|Any CPU.Build.0 = Debug|Any CPU
		{91352462-8726-42E3-A97C-3CFD73B36578}.Release|Any CPU.ActiveCfg = Release|Any CPU
		{91352462-8726-42E3-A97C-3CFD73B36578}.Release|Any CPU.Build.0 = Release|Any CPU
		{EABB25F8-6C19-4E83-B3C3-12E081863D0F}.Debug|Any CPU.ActiveCfg = Debug|Any CPU
		{EABB25F8-6C19-4E83-B3C3-12E081863D0F}.Debug|Any CPU.Build.0 = Debug|Any CPU
		{EABB25F8-6C19-4E83-B3C3-12E081863D0F}.Release|Any CPU.ActiveCfg = Release|Any CPU
		{EABB25F8-6C19-4E83-B3C3-12E081863D0F}.Release|Any CPU.Build.0 = Release|Any CPU
	EndGlobalSection
	GlobalSection(SolutionProperties) = preSolution
		HideSolutionNode = FALSE
	EndGlobalSection
	GlobalSection(ExtensibilityGlobals) = postSolution
		SolutionGuid = {935B3483-C918-459E-B498-4C872B8BC19E}
	EndGlobalSection
EndGlobal
